<?xml version="1.0" encoding="utf-8"?>
<Project ToolsVersion="4.0" xmlns="http://schemas.microsoft.com/developer/msbuild/2003">
  <ItemGroup>
    <Filter Include="Basic">
      <UniqueIdentifier>{e3d3d627-a19b-49a4-9660-29e773668848}</UniqueIdentifier>
    </Filter>
    <Filter Include="SDK">
      <UniqueIdentifier>{3feeff09-86d5-4aca-9959-1b982005fff4}</UniqueIdentifier>
    </Filter>
    <Filter Include="Source Files">
      <UniqueIdentifier>{4FC737F1-C7A5-4376-A066-2A32D752A2FF}</UniqueIdentifier>
      <Extensions>cpp;c;cc;cxx;def;odl;idl;hpj;bat;asm;asmx</Extensions>
    </Filter>
  </ItemGroup>
  <ItemGroup>
    <ClCompile Include="driverMain.c">
      <Filter>Source Files</Filter>
    </ClCompile>
  </ItemGroup>
  <ItemGroup>
    <ClInclude Include="structs.h">
      <Filter>Basic</Filter>
    </ClInclude>
    <ClInclude Include="imports.h">
      <Filter>Basic</Filter>
    </ClInclude>
    <ClInclude Include="myntapi.h">
      <Filter>SDK</Filter>
    </ClInclude>
    <ClInclude Include="physmem.h">
      <Filter>SDK</Filter>
    </ClInclude>
    <ClInclude Include="custom_crt.h">
      <Filter>Basic</Filter>
    </ClInclude>
  </ItemGroup>
</Project>